// !$*UTF8*$!
{
	archiveVersion = 1;
	classes = {
	};
	objectVersion = 46;
	objects = {

/* Begin PBXBuildFile section */
		8311CC941B80EDB5007DFF9A /* AppDelegate.swift in Sources */ = {isa = PBXBuildFile; fileRef = 8311CC931B80EDB5007DFF9A /* AppDelegate.swift */; };
		8311CC961B80EDB5007DFF9A /* MemeViewController.swift in Sources */ = {isa = PBXBuildFile; fileRef = 8311CC951B80EDB5007DFF9A /* MemeViewController.swift */; };
		8311CC9B1B80EDB5007DFF9A /* Images.xcassets in Resources */ = {isa = PBXBuildFile; fileRef = 8311CC9A1B80EDB5007DFF9A /* Images.xcassets */; };
		8311CC9E1B80EDB5007DFF9A /* LaunchScreen.xib in Resources */ = {isa = PBXBuildFile; fileRef = 8311CC9C1B80EDB5007DFF9A /* LaunchScreen.xib */; };
		8311CCAA1B80EDB5007DFF9A /* MemeMeTests.swift in Sources */ = {isa = PBXBuildFile; fileRef = 8311CCA91B80EDB5007DFF9A /* MemeMeTests.swift */; };
		8311CCB41B80EDE7007DFF9A /* Main.storyboard in Resources */ = {isa = PBXBuildFile; fileRef = 8311CCB31B80EDE7007DFF9A /* Main.storyboard */; };
		8311CCB61B80EE3A007DFF9A /* MemeInstance.swift in Sources */ = {isa = PBXBuildFile; fileRef = 8311CCB51B80EE3A007DFF9A /* MemeInstance.swift */; };
		83F33B1E1B85AC6500B97450 /* SentMemeCollectionViewController.swift in Sources */ = {isa = PBXBuildFile; fileRef = 83F33B1D1B85AC6500B97450 /* SentMemeCollectionViewController.swift */; };
		83F33B201B85AC7C00B97450 /* SentMemeTableViewController.swift in Sources */ = {isa = PBXBuildFile; fileRef = 83F33B1F1B85AC7C00B97450 /* SentMemeTableViewController.swift */; };
		83F33B221B85BE4E00B97450 /* SentMemeTableViewCell.swift in Sources */ = {isa = PBXBuildFile; fileRef = 83F33B211B85BE4E00B97450 /* SentMemeTableViewCell.swift */; };
		83F33B241B85D44D00B97450 /* MemeDetailViewController.swift in Sources */ = {isa = PBXBuildFile; fileRef = 83F33B231B85D44D00B97450 /* MemeDetailViewController.swift */; };
/* End PBXBuildFile section */

/* Begin PBXContainerItemProxy section */
		8311CCA41B80EDB5007DFF9A /* PBXContainerItemProxy */ = {
			isa = PBXContainerItemProxy;
			containerPortal = 8311CC861B80EDB5007DFF9A /* Project object */;
			proxyType = 1;
			remoteGlobalIDString = 8311CC8D1B80EDB5007DFF9A;
			remoteInfo = MemeMe;
		};
/* End PBXContainerItemProxy section */

/* Begin PBXFileReference section */
		8311CC8E1B80EDB5007DFF9A /* MemeMe.app */ = {isa = PBXFileReference; explicitFileType = wrapper.application; includeInIndex = 0; path = MemeMe.app; sourceTree = BUILT_PRODUCTS_DIR; };
		8311CC921B80EDB5007DFF9A /* Info.plist */ = {isa = PBXFileReference; lastKnownFileType = text.plist.xml; path = Info.plist; sourceTree = "<group>"; };
		8311CC931B80EDB5007DFF9A /* AppDelegate.swift */ = {isa = PBXFileReference; lastKnownFileType = sourcecode.swift; path = AppDelegate.swift; sourceTree = "<group>"; };
		8311CC951B80EDB5007DFF9A /* MemeViewController.swift */ = {isa = PBXFileReference; lastKnownFileType = sourcecode.swift; path = MemeViewController.swift; sourceTree = "<group>"; };
		8311CC9A1B80EDB5007DFF9A /* Images.xcassets */ = {isa = PBXFileReference; lastKnownFileType = folder.assetcatalog; path = Images.xcassets; sourceTree = "<group>"; };
		8311CC9D1B80EDB5007DFF9A /* Base */ = {isa = PBXFileReference; lastKnownFileType = file.xib; name = Base; path = Base.lproj/LaunchScreen.xib; sourceTree = "<group>"; };
		8311CCA31B80EDB5007DFF9A /* MemeMeTests.xctest */ = {isa = PBXFileReference; explicitFileType = wrapper.cfbundle; includeInIndex = 0; path = MemeMeTests.xctest; sourceTree = BUILT_PRODUCTS_DIR; };
		8311CCA81B80EDB5007DFF9A /* Info.plist */ = {isa = PBXFileReference; lastKnownFileType = text.plist.xml; path = Info.plist; sourceTree = "<group>"; };
		8311CCA91B80EDB5007DFF9A /* MemeMeTests.swift */ = {isa = PBXFileReference; lastKnownFileType = sourcecode.swift; path = MemeMeTests.swift; sourceTree = "<group>"; };
		8311CCB31B80EDE7007DFF9A /* Main.storyboard */ = {isa = PBXFileReference; fileEncoding = 4; lastKnownFileType = file.storyboard; path = Main.storyboard; sourceTree = "<group>"; };
		8311CCB51B80EE3A007DFF9A /* MemeInstance.swift */ = {isa = PBXFileReference; fileEncoding = 4; lastKnownFileType = sourcecode.swift; path = MemeInstance.swift; sourceTree = "<group>"; };
		83F33B1D1B85AC6500B97450 /* SentMemeCollectionViewController.swift */ = {isa = PBXFileReference; fileEncoding = 4; lastKnownFileType = sourcecode.swift; path = SentMemeCollectionViewController.swift; sourceTree = "<group>"; };
		83F33B1F1B85AC7C00B97450 /* SentMemeTableViewController.swift */ = {isa = PBXFileReference; fileEncoding = 4; lastKnownFileType = sourcecode.swift; path = SentMemeTableViewController.swift; sourceTree = "<group>"; };
		83F33B211B85BE4E00B97450 /* SentMemeTableViewCell.swift */ = {isa = PBXFileReference; fileEncoding = 4; lastKnownFileType = sourcecode.swift; path = SentMemeTableViewCell.swift; sourceTree = "<group>"; };
		83F33B231B85D44D00B97450 /* MemeDetailViewController.swift */ = {isa = PBXFileReference; fileEncoding = 4; lastKnownFileType = sourcecode.swift; path = MemeDetailViewController.swift; sourceTree = "<group>"; };
/* End PBXFileReference section */

/* Begin PBXFrameworksBuildPhase section */
		8311CC8B1B80EDB5007DFF9A /* Frameworks */ = {
			isa = PBXFrameworksBuildPhase;
			buildActionMask = 2147483647;
			files = (
			);
			runOnlyForDeploymentPostprocessing = 0;
		};
		8311CCA01B80EDB5007DFF9A /* Frameworks */ = {
			isa = PBXFrameworksBuildPhase;
			buildActionMask = 2147483647;
			files = (
			);
			runOnlyForDeploymentPostprocessing = 0;
		};
/* End PBXFrameworksBuildPhase section */

/* Begin PBXGroup section */
		8311CC851B80EDB5007DFF9A = {
			isa = PBXGroup;
			children = (
				8311CC901B80EDB5007DFF9A /* MemeMe */,
				8311CCA61B80EDB5007DFF9A /* MemeMeTests */,
				8311CC8F1B80EDB5007DFF9A /* Products */,
			);
			sourceTree = "<group>";
		};
		8311CC8F1B80EDB5007DFF9A /* Products */ = {
			isa = PBXGroup;
			children = (
				8311CC8E1B80EDB5007DFF9A /* MemeMe.app */,
				8311CCA31B80EDB5007DFF9A /* MemeMeTests.xctest */,
			);
			name = Products;
			sourceTree = "<group>";
		};
		8311CC901B80EDB5007DFF9A /* MemeMe */ = {
			isa = PBXGroup;
			children = (
				8311CC931B80EDB5007DFF9A /* AppDelegate.swift */,
				8311CC951B80EDB5007DFF9A /* MemeViewController.swift */,
				83F33B231B85D44D00B97450 /* MemeDetailViewController.swift */,
				8311CCB51B80EE3A007DFF9A /* MemeInstance.swift */,
				83F33B1D1B85AC6500B97450 /* SentMemeCollectionViewController.swift */,
				83F33B1F1B85AC7C00B97450 /* SentMemeTableViewController.swift */,
				83F33B211B85BE4E00B97450 /* SentMemeTableViewCell.swift */,
				8311CCB31B80EDE7007DFF9A /* Main.storyboard */,
				8311CC9A1B80EDB5007DFF9A /* Images.xcassets */,
				8311CC9C1B80EDB5007DFF9A /* LaunchScreen.xib */,
				8311CC911B80EDB5007DFF9A /* Supporting Files */,
			);
			path = MemeMe;
			sourceTree = "<group>";
		};
		8311CC911B80EDB5007DFF9A /* Supporting Files */ = {
			isa = PBXGroup;
			children = (
				8311CC921B80EDB5007DFF9A /* Info.plist */,
			);
			name = "Supporting Files";
			sourceTree = "<group>";
		};
		8311CCA61B80EDB5007DFF9A /* MemeMeTests */ = {
			isa = PBXGroup;
			children = (
				8311CCA91B80EDB5007DFF9A /* MemeMeTests.swift */,
				8311CCA71B80EDB5007DFF9A /* Supporting Files */,
			);
			path = MemeMeTests;
			sourceTree = "<group>";
		};
		8311CCA71B80EDB5007DFF9A /* Supporting Files */ = {
			isa = PBXGroup;
			children = (
				8311CCA81B80EDB5007DFF9A /* Info.plist */,
			);
			name = "Supporting Files";
			sourceTree = "<group>";
		};
/* End PBXGroup section */

/* Begin PBXNativeTarget section */
		8311CC8D1B80EDB5007DFF9A /* MemeMe */ = {
			isa = PBXNativeTarget;
			buildConfigurationList = 8311CCAD1B80EDB5007DFF9A /* Build configuration list for PBXNativeTarget "MemeMe" */;
			buildPhases = (
				8311CC8A1B80EDB5007DFF9A /* Sources */,
				8311CC8B1B80EDB5007DFF9A /* Frameworks */,
				8311CC8C1B80EDB5007DFF9A /* Resources */,
			);
			buildRules = (
			);
			dependencies = (
			);
			name = MemeMe;
			productName = MemeMe;
			productReference = 8311CC8E1B80EDB5007DFF9A /* MemeMe.app */;
			productType = "com.apple.product-type.application";
		};
		8311CCA21B80EDB5007DFF9A /* MemeMeTests */ = {
			isa = PBXNativeTarget;
			buildConfigurationList = 8311CCB01B80EDB5007DFF9A /* Build configuration list for PBXNativeTarget "MemeMeTests" */;
			buildPhases = (
				8311CC9F1B80EDB5007DFF9A /* Sources */,
				8311CCA01B80EDB5007DFF9A /* Frameworks */,
				8311CCA11B80EDB5007DFF9A /* Resources */,
			);
			buildRules = (
			);
			dependencies = (
				8311CCA51B80EDB5007DFF9A /* PBXTargetDependency */,
			);
			name = MemeMeTests;
			productName = MemeMeTests;
			productReference = 8311CCA31B80EDB5007DFF9A /* MemeMeTests.xctest */;
			productType = "com.apple.product-type.bundle.unit-test";
		};
/* End PBXNativeTarget section */

/* Begin PBXProject section */
		8311CC861B80EDB5007DFF9A /* Project object */ = {
			isa = PBXProject;
			attributes = {
				LastUpgradeCheck = 0640;
				ORGANIZATIONNAME = Chris;
				TargetAttributes = {
					8311CC8D1B80EDB5007DFF9A = {
						CreatedOnToolsVersion = 6.4;
					};
					8311CCA21B80EDB5007DFF9A = {
						CreatedOnToolsVersion = 6.4;
						TestTargetID = 8311CC8D1B80EDB5007DFF9A;
					};
				};
			};
			buildConfigurationList = 8311CC891B80EDB5007DFF9A /* Build configuration list for PBXProject "MemeMe" */;
			compatibilityVersion = "Xcode 3.2";
			developmentRegion = English;
			hasScannedForEncodings = 0;
			knownRegions = (
				en,
				Base,
			);
			mainGroup = 8311CC851B80EDB5007DFF9A;
			productRefGroup = 8311CC8F1B80EDB5007DFF9A /* Products */;
			projectDirPath = "";
			projectRoot = "";
			targets = (
				8311CC8D1B80EDB5007DFF9A /* MemeMe */,
				8311CCA21B80EDB5007DFF9A /* MemeMeTests */,
			);
		};
/* End PBXProject section */

/* Begin PBXResourcesBuildPhase section */
		8311CC8C1B80EDB5007DFF9A /* Resources */ = {
			isa = PBXResourcesBuildPhase;
			buildActionMask = 2147483647;
			files = (
				8311CC9E1B80EDB5007DFF9A /* LaunchScreen.xib in Resources */,
				8311CC9B1B80EDB5007DFF9A /* Images.xcassets in Resources */,
				8311CCB41B80EDE7007DFF9A /* Main.storyboard in Resources */,
			);
			runOnlyForDeploymentPostprocessing = 0;
		};
		8311CCA11B80EDB5007DFF9A /* Resources */ = {
			isa = PBXResourcesBuildPhase;
			buildActionMask = 2147483647;
			files = (
			);
			runOnlyForDeploymentPostprocessing = 0;
		};
/* End PBXResourcesBuildPhase section */

/* Begin PBXSourcesBuildPhase section */
		8311CC8A1B80EDB5007DFF9A /* Sources */ = {
			isa = PBXSourcesBuildPhase;
			buildActionMask = 2147483647;
			files = (
				8311CCB61B80EE3A007DFF9A /* MemeInstance.swift in Sources */,
				8311CC961B80EDB5007DFF9A /* MemeViewController.swift in Sources */,
				83F33B1E1B85AC6500B97450 /* SentMemeCollectionViewController.swift in Sources */,
				83F33B221B85BE4E00B97450 /* SentMemeTableViewCell.swift in Sources */,
				83F33B241B85D44D00B97450 /* MemeDetailViewController.swift in Sources */,
				83F33B201B85AC7C00B97450 /* SentMemeTableViewController.swift in Sources */,
				8311CC941B80EDB5007DFF9A /* AppDelegate.swift in Sources */,
			);
			runOnlyForDeploymentPostprocessing = 0;
		};
		8311CC9F1B80EDB5007DFF9A /* Sources */ = {
			isa = PBXSourcesBuildPhase;
			buildActionMask = 2147483647;
			files = (
				8311CCAA1B80EDB5007DFF9A /* MemeMeTests.swift in Sources */,
			);
			runOnlyForDeploymentPostprocessing = 0;
		};
/* End PBXSourcesBuildPhase section */

/* Begin PBXTargetDependency section */
		8311CCA51B80EDB5007DFF9A /* PBXTargetDependency */ = {
			isa = PBXTargetDependency;
			target = 8311CC8D1B80EDB5007DFF9A /* MemeMe */;
			targetProxy = 8311CCA41B80EDB5007DFF9A /* PBXContainerItemProxy */;
		};
/* End PBXTargetDependency section */

/* Begin PBXVariantGroup section */
		8311CC9C1B80EDB5007DFF9A /* LaunchScreen.xib */ = {
			isa = PBXVariantGroup;
			children = (
				8311CC9D1B80EDB5007DFF9A /* Base */,
			);
			name = LaunchScreen.xib;
			sourceTree = "<group>";
		};
/* End PBXVariantGroup section */

/* Begin XCBuildConfiguration section */
		8311CCAB1B80EDB5007DFF9A /* Debug */ = {
			isa = XCBuildConfiguration;
			buildSettings = {
				ALWAYS_SEARCH_USER_PATHS = NO;
				CLANG_CXX_LANGUAGE_STANDARD = "gnu++0x";
				CLANG_CXX_LIBRARY = "libc++";
				CLANG_ENABLE_MODULES = YES;
				CLANG_ENABLE_OBJC_ARC = YES;
				CLANG_WARN_BOOL_CONVERSION = YES;
				CLANG_WARN_CONSTANT_CONVERSION = YES;
				CLANG_WARN_DIRECT_OBJC_ISA_USAGE = YES_ERROR;
				CLANG_WARN_EMPTY_BODY = YES;
				CLANG_WARN_ENUM_CONVERSION = YES;
				CLANG_WARN_INT_CONVERSION = YES;
				CLANG_WARN_OBJC_ROOT_CLASS = YES_ERROR;
				CLANG_WARN_UNREACHABLE_CODE = YES;
				CLANG_WARN__DUPLICATE_METHOD_MATCH = YES;
				"CODE_SIGN_IDENTITY[sdk=iphoneos*]" = "iPhone Developer";
				COPY_PHASE_STRIP = NO;
				DEBUG_INFORMATION_FORMAT = "dwarf-with-dsym";
				ENABLE_STRICT_OBJC_MSGSEND = YES;
				GCC_C_LANGUAGE_STANDARD = gnu99;
				GCC_DYNAMIC_NO_PIC = NO;
				GCC_NO_COMMON_BLOCKS = YES;
				GCC_OPTIMIZATION_LEVEL = 0;
				GCC_PREPROCESSOR_DEFINITIONS = (
					"DEBUG=1",
					"$(inherited)",
				);
				GCC_SYMBOLS_PRIVATE_EXTERN = NO;
				GCC_WARN_64_TO_32_BIT_CONVERSION = YES;
				GCC_WARN_ABOUT_RETURN_TYPE = YES_ERROR;
				GCC_WARN_UNDECLARED_SELECTOR = YES;
				GCC_WARN_UNINITIALIZED_AUTOS = YES_AGGRESSIVE;
				GCC_WARN_UNUSED_FUNCTION = YES;
				GCC_WARN_UNUSED_VARIABLE = YES;
				IPHONEOS_DEPLOYMENT_TARGET = 8.4;
				MTL_ENABLE_DEBUG_INFO = YES;
				ONLY_ACTIVE_ARCH = YES;
				SDKROOT = iphoneos;
				SWIFT_OPTIMIZATION_LEVEL = "-Onone";
			};
			name = Debug;
		};
		8311CCAC1B80EDB5007DFF9A /* Release */ = {
			isa = XCBuildConfiguration;
			buildSettings = {
				ALWAYS_SEARCH_USER_PATHS = NO;
				CLANG_CXX_LANGUAGE_STANDARD = "gnu++0x";
				CLANG_CXX_LIBRARY = "libc++";
				CLANG_ENABLE_MODULES = YES;
				CLANG_ENABLE_OBJC_ARC = YES;
				CLANG_WARN_BOOL_CONVERSION = YES;
				CLANG_WARN_CONSTANT_CONVERSION = YES;
				CLANG_WARN_DIRECT_OBJC_ISA_USAGE = YES_ERROR;
				CLANG_WARN_EMPTY_BODY = YES;
				CLANG_WARN_ENUM_CONVERSION = YES;
				CLANG_WARN_INT_CONVERSION = YES;
				CLANG_WARN_OBJC_ROOT_CLASS = YES_ERROR;
				CLANG_WARN_UNREACHABLE_CODE = YES;
				CLANG_WARN__DUPLICATE_METHOD_MATCH = YES;
				"CODE_SIGN_IDENTITY[sdk=iphoneos*]" = "iPhone Developer";
				COPY_PHASE_STRIP = NO;
				DEBUG_INFORMATION_FORMAT = "dwarf-with-dsym";
				ENABLE_NS_ASSERTIONS = NO;
				ENABLE_STRICT_OBJC_MSGSEND = YES;
				GCC_C_LANGUAGE_STANDARD = gnu99;
				GCC_NO_COMMON_BLOCKS = YES;
				GCC_WARN_64_TO_32_BIT_CONVERSION = YES;
				GCC_WARN_ABOUT_RETURN_TYPE = YES_ERROR;
				GCC_WARN_UNDECLARED_SELECTOR = YES;
				GCC_WARN_UNINITIALIZED_AUTOS = YES_AGGRESSIVE;
				GCC_WARN_UNUSED_FUNCTION = YES;
				GCC_WARN_UNUSED_VARIABLE = YES;
				IPHONEOS_DEPLOYMENT_TARGET = 8.4;
				MTL_ENABLE_DEBUG_INFO = NO;
				SDKROOT = iphoneos;
				VALIDATE_PRODUCT = YES;
			};
			name = Release;
		};
		8311CCAE1B80EDB5007DFF9A /* Debug */ = {
			isa = XCBuildConfiguration;
			buildSettings = {
				ASSETCATALOG_COMPILER_APPICON_NAME = AppIcon;
				INFOPLIST_FILE = MemeMe/Info.plist;
				LD_RUNPATH_SEARCH_PATHS = "$(inherited) @executable_path/Frameworks";
				PRODUCT_NAME = "$(TARGET_NAME)";
			};
			name = Debug;
		};
		8311CCAF1B80EDB5007DFF9A /* Release */ = {
			isa = XCBuildConfiguration;
			buildSettings = {
				ASSETCATALOG_COMPILER_APPICON_NAME = AppIcon;
				INFOPLIST_FILE = MemeMe/Info.plist;
				LD_RUNPATH_SEARCH_PATHS = "$(inherited) @executable_path/Frameworks";
				PRODUCT_NAME = "$(TARGET_NAME)";
			};
			name = Release;
		};
		8311CCB11B80EDB5007DFF9A /* Debug */ = {
			isa = XCBuildConfiguration;
			buildSettings = {
				BUNDLE_LOADER = "$(TEST_HOST)";
				FRAMEWORK_SEARCH_PATHS = (
					"$(SDKROOT)/Developer/Library/Frameworks",
					"$(inherited)",
				);
				GCC_PREPROCESSOR_DEFINITIONS = (
					"DEBUG=1",
					"$(inherited)",
				);
				INFOPLIST_FILE = MemeMeTests/Info.plist;
				LD_RUNPATH_SEARCH_PATHS = "$(inherited) @executable_path/Frameworks @loader_path/Frameworks";
				PRODUCT_NAME = "$(TARGET_NAME)";
				TEST_HOST = "$(BUILT_PRODUCTS_DIR)/MemeMe.app/MemeMe";
			};
			name = Debug;
		};
		8311CCB21B80EDB5007DFF9A /* Release */ = {
			isa = XCBuildConfiguration;
			buildSettings = {
				BUNDLE_LOADER = "$(TEST_HOST)";
				FRAMEWORK_SEARCH_PATHS = (
					"$(SDKROOT)/Developer/Library/Frameworks",
					"$(inherited)",
				);
				INFOPLIST_FILE = MemeMeTests/Info.plist;
				LD_RUNPATH_SEARCH_PATHS = "$(inherited) @executable_path/Frameworks @loader_path/Frameworks";
				PRODUCT_NAME = "$(TARGET_NAME)";
				TEST_HOST = "$(BUILT_PRODUCTS_DIR)/MemeMe.app/MemeMe";
			};
			name = Release;
		};
/* End XCBuildConfiguration section */

/* Begin XCConfigurationList section */
		8311CC891B80EDB5007DFF9A /* Build configuration list for PBXProject "MemeMe" */ = {
			isa = XCConfigurationList;
			buildConfigurations = (
				8311CCAB1B80EDB5007DFF9A /* Debug */,
				8311CCAC1B80EDB5007DFF9A /* Release */,
			);
			defaultConfigurationIsVisible = 0;
			defaultConfigurationName = Release;
		};
		8311CCAD1B80EDB5007DFF9A /* Build configuration list for PBXNativeTarget "MemeMe" */ = {
			isa = XCConfigurationList;
			buildConfigurations = (
				8311CCAE1B80EDB5007DFF9A /* Debug */,
				8311CCAF1B80EDB5007DFF9A /* Release */,
			);
			defaultConfigurationIsVisible = 0;
			defaultConfigurationName = Release;
		};
		8311CCB01B80EDB5007DFF9A /* Build configuration list for PBXNativeTarget "MemeMeTests" */ = {
			isa = XCConfigurationList;
			buildConfigurations = (
				8311CCB11B80EDB5007DFF9A /* Debug */,
				8311CCB21B80EDB5007DFF9A /* Release */,
			);
			defaultConfigurationIsVisible = 0;
			defaultConfigurationName = Release;
		};
/* End XCConfigurationList section */
	};
	rootObject = 8311CC861B80EDB5007DFF9A /* Project object */;
}
